{
  "nodes": {
    "crane": {
      "locked": {
        "lastModified": 1768758878,
        "narHash": "sha256-DhKT7bQsXukpqxsX57+tGaR8WhdO/BpIbhn1yTy0P54=",
        "owner": "ipetkov",
        "repo": "crane",
        "rev": "7c431ed49f516251a5f9867d4f36417394ae3a88",
        "type": "github"
      },
      "original": {
        "owner": "ipetkov",
        "repo": "crane",
        "type": "github"
      }
    },
    "nixpkgs": {
      "locked": {
        "lastModified": 1768820612,
        "narHash": "sha256-TMWgzbEZKVpO7tFgOibnGdOUxTLhgg72mSQGIB0VYaY=",
        "owner": "nixos",
        "repo": "nixpkgs",
        "rev": "91bc9213076cea24982a22fb091d84361e1019e7",
        "type": "github"
      },
      "original": {
        "owner": "nixos",
        "repo": "nixpkgs",
        "type": "github"
      }
    },
    "nixpkgs_2": {
      "locked": {
        "lastModified": 1744536153,
        "narHash": "sha256-awS2zRgF4uTwrOKwwiJcByDzDOdo3Q1rPZbiHQg/N38=",
        "owner": "NixOS",
        "repo": "nixpkgs",
        "rev": "18dd725c29603f582cf1900e0d25f9f1063dbf11",
        "type": "github"
      },
      "original": {
        "owner": "NixOS",
        "ref": "nixpkgs-unstable",
        "repo": "nixpkgs",
        "type": "github"
      }
    },
    "root": {
      "inputs": {
        "crane": "crane",
        "nixpkgs": "nixpkgs",
        "rust-overlay": "rust-overlay"
      }
    },
    "rust-overlay": {
      "inputs": {
        "nixpkgs": "nixpkgs_2"
      },
      "locked": {
        "lastModified": 1768791178,
        "narHash": "sha256-ZVqH14w7y40DEQOghli1c28NopVNFk1MNNRzEIwMa6M=",
        "owner": "oxalica",
        "repo": "rust-overlay",
        "rev": "3941028eccc4d981f75c933786e1fd95b71024f1",
        "type": "github"
      },
      "original": {
        "owner": "oxalica",
        "repo": "rust-overlay",
        "type": "github"
      }
    }
  },
  "root": "root",
  "version": 7
}
